# This file is autogenerated, do not edit; changes may be undone by the next 'dep ensure'.


[[projects]]
  branch = "master"
  digest = "1:6da51e5ec493ad2b44cb04129e2d0a068c8fb9bd6cb5739d199573558696bb94"
  name = "github.com/Azure/go-ansiterm"
  packages = [
    ".",
    "winterm",
  ]
  pruneopts = "UT"
  revision = "d6e3b3328b783f23731bc4d058875b0371ff8109"

[[projects]]
  digest = "1:9f3b30d9f8e0d7040f729b82dcbc8f0dead820a133b3147ce355fc451f32d761"
  name = "github.com/BurntSushi/toml"
  packages = ["."]
  pruneopts = "UT"
  revision = "3012a1dbe2e4bd1391d42b32f0577cb7bbc7f005"
  version = "v0.3.1"

[[projects]]
  branch = "master"
  digest = "1:9831b48eaba66c6eee6b8bc698d5a669088313cfee3c94435056e3522e4a53fb"
  name = "github.com/MakeNowJust/heredoc"
  packages = ["."]
  pruneopts = "UT"
  revision = "e9091a26100e9cfb2b6a8f470085bfa541931a91"

[[projects]]
  digest = "1:55388fd080150b9a072912f97b1f5891eb0b50df43401f8b75fb4273d3fec9fc"
  name = "github.com/Masterminds/semver"
  packages = ["."]
  pruneopts = "UT"
  revision = "c7af12943936e8c39859482e61f0574c2fd7fc75"
  version = "v1.4.2"

[[projects]]
  digest = "1:b0baf96eb3f1387dfd368f38f1d9c91adb947239530014d1006540ccee7579b2"
  name = "github.com/Masterminds/sprig"
  packages = ["."]
  pruneopts = "UT"
  revision = "15f9564e7e9cf0da02a48e0d25f12a7b83559aa6"
  version = "v2.16.0"

[[projects]]
  digest = "1:f9ae348e1f793dcf9ed930ed47136a67343dbd6809c5c91391322267f4476892"
  name = "github.com/Microsoft/go-winio"
  packages = ["."]
  pruneopts = "UT"
  revision = "97e4973ce50b2ff5f09635a57e2b88a037aae829"
  version = "v0.4.11"

[[projects]]
  digest = "1:d1665c44bd5db19aaee18d1b6233c99b0b9a986e8bccb24ef54747547a48027f"
  name = "github.com/PuerkitoBio/purell"
  packages = ["."]
  pruneopts = "UT"
  revision = "0bcb03f4b4d0a9428594752bd2a3b9aa0a9d4bd4"
  version = "v1.1.0"

[[projects]]
  branch = "master"
  digest = "1:c739832d67eb1e9cc478a19cc1a1ccd78df0397bf8a32978b759152e205f644b"
  name = "github.com/PuerkitoBio/urlesc"
  packages = ["."]
  pruneopts = "UT"
  revision = "de5bf2ad457846296e2031421a34e2568e304e35"

[[projects]]
  digest = "1:8f5416c7f59da8600725ae1ff00a99af1da8b04c211ae6f3c8f8bcab0164f650"
  name = "github.com/aokoli/goutils"
  packages = ["."]
  pruneopts = "UT"
  revision = "3391d3790d23d03408670993e957e8f408993c34"
  version = "v1.0.1"

[[projects]]
  branch = "master"
  digest = "1:95e08278c876d185ba67533f045e9e63b3c9d02cbd60beb0f4dbaa2344a13ac2"
  name = "github.com/chai2010/gettext-go"
  packages = [
    "gettext",
    "gettext/mo",
    "gettext/plural",
    "gettext/po",
  ]
  pruneopts = "UT"
  revision = "bf70f2a70fb1b1f36d90d671a72795984eab0fcb"

[[projects]]
  digest = "1:ece8cff953ed3dbbbf5d5aa41e24f61ac4c1b601004aea9d56d572af363b71e7"
  name = "github.com/coreos/etcd"
  packages = [
    "client",
    "pkg/pathutil",
    "pkg/srv",
    "pkg/types",
    "version",
  ]
  pruneopts = "UT"
  revision = "fca8add78a9d926166eb739b8e4a124434025ba3"
  version = "v3.3.9"

[[projects]]
  digest = "1:0ef770954bca104ee99b3b6b7f9b240605ac03517d9f98cbc1893daa03f3c038"
  name = "github.com/coreos/go-semver"
  packages = ["semver"]
  pruneopts = "UT"
  revision = "8ab6407b697782a06568d4b7f1db25550ec2e4c6"
  version = "v0.2.0"

[[projects]]
  branch = "master"
  digest = "1:c7a3e137d84b23a2c480d7de8dd15c4955ecf560cad515642bc5a174a6bfb586"
  name = "github.com/cosiner/socker"
  packages = ["."]
  pruneopts = "UT"
  revision = "cca2f580b4d663db1623a4365e5cb849dc48855f"

[[projects]]
  digest = "1:ffe9824d294da03b391f44e1ae8281281b4afc1bdaa9588c9097785e3af10cec"
  name = "github.com/davecgh/go-spew"
  packages = ["spew"]
  pruneopts = "UT"
  revision = "8991bc29aa16c548c550c7ff78260e27b9ab7c73"
  version = "v1.1.1"

[[projects]]
  digest = "1:4189ee6a3844f555124d9d2656fe7af02fca961c2a9bad9074789df13a0c62e0"
  name = "github.com/docker/distribution"
  packages = [
    "digestset",
    "reference",
  ]
  pruneopts = "UT"
  revision = "3800056b8832cf6075e78b282ac010131d8687bc"

[[projects]]
  digest = "1:f79454172d278f8b05512d51807e7955d738905d1cd4d1413e2de3e328a453db"
  name = "github.com/docker/docker"
  packages = [
    "api",
    "api/types",
    "api/types/blkiodev",
    "api/types/container",
    "api/types/events",
    "api/types/filters",
    "api/types/image",
    "api/types/mount",
    "api/types/network",
    "api/types/registry",
    "api/types/strslice",
    "api/types/swarm",
    "api/types/swarm/runtime",
    "api/types/time",
    "api/types/versions",
    "api/types/volume",
    "client",
    "pkg/stdcopy",
    "pkg/term",
    "pkg/term/windows",
  ]
  pruneopts = "UT"
  revision = "ecf4125b85e0faa57d2739348e0d453c1d24d10c"

[[projects]]
  digest = "1:b6b5c3e8da0fb8073cd2886ba249a40f4402b4391ca6eba905a142cceea97a12"
  name = "github.com/docker/go-connections"
  packages = [
    "nat",
    "sockets",
    "tlsconfig",
  ]
  pruneopts = "UT"
  revision = "3ede32e2033de7505e6500d6c868c2b9ed9f169d"

[[projects]]
  digest = "1:6f82cacd0af5921e99bf3f46748705239b36489464f4529a1589bc895764fb18"
  name = "github.com/docker/go-units"
  packages = ["."]
  pruneopts = "UT"
  revision = "47565b4f722fb6ceae66b95f853feed578a4a51c"
  version = "v0.3.3"

[[projects]]
  branch = "master"
  digest = "1:dbb3d1675f5beeb37de6e9b95cc460158ff212902a916e67688b01e0660f41bd"
  name = "github.com/docker/spdystream"
  packages = [
    ".",
    "spdy",
  ]
  pruneopts = "UT"
  revision = "bc6354cbbc295e925e4c611ffe90c1f287ee54db"

[[projects]]
  digest = "1:f1f2bd73c025d24c3b93abf6364bccb802cf2fdedaa44360804c67800e8fab8d"
  name = "github.com/evanphx/json-patch"
  packages = ["."]
  pruneopts = "UT"
  revision = "72bf35d0ff611848c1dc9df0f976c81192392fa5"
  version = "v4.1.0"

[[projects]]
  branch = "master"
  digest = "1:5e0da1aba1a7b125f46e6ddca43e98b40cf6eaea3322b016c331cf6afe53c30a"
  name = "github.com/exponent-io/jsonpath"
  packages = ["."]
  pruneopts = "UT"
  revision = "d6023ce2651d8eafb5c75bb0c7167536102ec9f5"

[[projects]]
  digest = "1:bbc4aacabe6880bdbce849c64cb061b7eddf39f132af4ea2853ddd32f85fbec3"
  name = "github.com/fatih/camelcase"
  packages = ["."]
  pruneopts = "UT"
  revision = "44e46d280b43ec1531bb25252440e34f1b800b65"
  version = "v1.0.0"

[[projects]]
  digest = "1:865079840386857c809b72ce300be7580cb50d3d3129ce11bf9aa6ca2bc1934a"
  name = "github.com/fatih/color"
  packages = ["."]
  pruneopts = "UT"
  revision = "5b77d2a35fb0ede96d138fc9a99f5c9b6aef11b4"
  version = "v1.7.0"

[[projects]]
  digest = "1:2cd7915ab26ede7d95b8749e6b1f933f1c6d5398030684e6505940a10f31cfda"
  name = "github.com/ghodss/yaml"
  packages = ["."]
  pruneopts = "UT"
  revision = "0ca9ea5df5451ffdf184b4428c902747c2c11cd7"
  version = "v1.0.0"

[[projects]]
  branch = "master"
  digest = "1:36fe9527deed01d2a317617e59304eb2c4ce9f8a24115bcc5c2e37b3aee5bae4"
  name = "github.com/gin-contrib/sse"
  packages = ["."]
  pruneopts = "UT"
  revision = "22d885f9ecc78bf4ee5d72b937e4bbcdc58e8cae"

[[projects]]
  digest = "1:ff09f03ca12c4d23c28c596eb0738745e36c1cac111f62f64819210f40607cd2"
  name = "github.com/gin-gonic/gin"
  packages = [
    "binding",
    "json",
    "render",
  ]
  pruneopts = "UT"
  revision = "b869fe1415e4b9eb52f247441830d502aece2d4d"
  version = "v1.3.0"

[[projects]]
  digest = "1:2997679181d901ac8aaf4330d11138ecf3974c6d3334995ff36f20cbd597daf8"
  name = "github.com/go-openapi/jsonpointer"
  packages = ["."]
  pruneopts = "UT"
  revision = "3a0015ad55fa9873f41605d3e8f28cd279c32ab2"
  version = "0.16.0"

[[projects]]
  digest = "1:1ae3f233d75a731b164ca9feafd8ed646cbedf1784095876ed6988ce8aa88b1f"
  name = "github.com/go-openapi/jsonreference"
  packages = ["."]
  pruneopts = "UT"
  revision = "3fb327e6747da3043567ee86abd02bb6376b6be2"
  version = "0.16.0"

[[projects]]
  digest = "1:3e5bdbd2a071c72c778c28fd7b5dfde95cdfbcef412f364377e031877205e418"
  name = "github.com/go-openapi/spec"
  packages = ["."]
  pruneopts = "UT"
  revision = "384415f06ee238aae1df5caad877de6ceac3a5c4"
  version = "0.16.0"

[[projects]]
  digest = "1:c80984d4a9bb79539743aff5af91b595d84f513700150b0ed73c1697d1200d54"
  name = "github.com/go-openapi/swag"
  packages = ["."]
  pruneopts = "UT"
  revision = "becd2f08beafcca035645a8a101e0e3e18140458"
  version = "0.16.0"

[[projects]]
  digest = "1:adea5a94903eb4384abef30f3d878dc9ff6b6b5b0722da25b82e5169216dfb61"
  name = "github.com/go-sql-driver/mysql"
  packages = ["."]
  pruneopts = "UT"
  revision = "d523deb1b23d913de5bdada721a6071e71283618"
  version = "v1.4.0"

[[projects]]
  digest = "1:9ae31ce33b4bab257668963e844d98765b44160be4ee98cafc44637a213e530d"
  name = "github.com/gobwas/glob"
  packages = [
    ".",
    "compiler",
    "match",
    "syntax",
    "syntax/ast",
    "syntax/lexer",
    "util/runes",
    "util/strings",
  ]
  pruneopts = "UT"
  revision = "5ccd90ef52e1e632236f7326478d4faa74f99438"
  version = "v0.2.3"

[[projects]]
  digest = "1:34e709f36fd4f868fb00dbaf8a6cab4c1ae685832d392874ba9d7c5dec2429d1"
  name = "github.com/gogo/protobuf"
  packages = [
    "proto",
    "sortkeys",
  ]
  pruneopts = "UT"
  revision = "636bf0302bc95575d69441b25a2603156ffdddf1"
  version = "v1.1.1"

[[projects]]
  digest = "1:94d8c9e3a4954505ca89243e2121180972eecf8e3d160f3b34a48825ddd95cc1"
  name = "github.com/golang-plus/errors"
  packages = ["."]
  pruneopts = "UT"
  revision = "a61c34ead85085f3e1b87b8c04e49bbf60c99fb1"
  version = "v1.0.0"

[[projects]]
  digest = "1:224bf08a201edf15ec9f086549321257d5a2ee0d23dc649e7e6ad90ce5502439"
  name = "github.com/golang-plus/uuid"
  packages = [
    ".",
    "internal",
    "internal/dcesecurity",
    "internal/namebased",
    "internal/namebased/md5",
    "internal/namebased/sha1",
    "internal/random",
    "internal/timebased",
  ]
  pruneopts = "UT"
  revision = "a0510c37ef1f49c8290c3a9911d0f7f9ed24d335"
  version = "v1.0.0"

[[projects]]
  branch = "master"
  digest = "1:1ba1d79f2810270045c328ae5d674321db34e3aae468eb4233883b473c5c0467"
  name = "github.com/golang/glog"
  packages = ["."]
  pruneopts = "UT"
  revision = "23def4e6c14b4da8ac2ed8007337bc5eb5007998"

[[projects]]
  branch = "master"
  digest = "1:3fb07f8e222402962fa190eb060608b34eddfb64562a18e2167df2de0ece85d8"
  name = "github.com/golang/groupcache"
  packages = ["lru"]
  pruneopts = "UT"
  revision = "6f2cf27854a4a29e3811b0371547be335d411b8b"

[[projects]]
  digest = "1:4c0989ca0bcd10799064318923b9bc2db6b4d6338dd75f3f2d86c3511aaaf5cf"
  name = "github.com/golang/protobuf"
  packages = [
    "proto",
    "ptypes",
    "ptypes/any",
    "ptypes/duration",
    "ptypes/timestamp",
  ]
  pruneopts = "UT"
  revision = "aa810b61a9c79d51363740d207bb46cf8e620ed5"
  version = "v1.2.0"

[[projects]]
  branch = "master"
  digest = "1:0bfbe13936953a98ae3cfe8ed6670d396ad81edf069a806d2f6515d7bb6950df"
  name = "github.com/google/btree"
  packages = ["."]
  pruneopts = "UT"
  revision = "4030bb1f1f0c35b30ca7009e9ebd06849dd45306"

[[projects]]
  branch = "master"
  digest = "1:3ee90c0d94da31b442dde97c99635aaafec68d0b8a3c12ee2075c6bdabeec6bb"
  name = "github.com/google/gofuzz"
  packages = ["."]
  pruneopts = "UT"
  revision = "24818f796faf91cd76ec7bddd72458fbced7a6c1"

[[projects]]
  digest = "1:3a26588bc48b96825977c1b3df964f8fd842cd6860cc26370588d3563433cf11"
  name = "github.com/google/uuid"
  packages = ["."]
  pruneopts = "UT"
  revision = "d460ce9f8df2e77fb1ba55ca87fafed96c607494"
  version = "v1.0.0"

[[projects]]
  digest = "1:65c4414eeb350c47b8de71110150d0ea8a281835b1f386eacaa3ad7325929c21"
  name = "github.com/googleapis/gnostic"
  packages = [
    "OpenAPIv2",
    "compiler",
    "extensions",
  ]
  pruneopts = "UT"
  revision = "7c663266750e7d82587642f65e60bc4083f1f84e"
  version = "v0.2.0"

[[projects]]
  digest = "1:c79fb010be38a59d657c48c6ba1d003a8aa651fa56b579d959d74573b7dff8e1"
  name = "github.com/gorilla/context"
  packages = ["."]
  pruneopts = "UT"
  revision = "08b5f424b9271eedf6f9f0ce86cb9396ed337a42"
  version = "v1.1.1"

[[projects]]
  digest = "1:e73f5b0152105f18bc131fba127d9949305c8693f8a762588a82a48f61756f5f"
  name = "github.com/gorilla/mux"
  packages = ["."]
  pruneopts = "UT"
  revision = "e3702bed27f0d39777b0b37b664b6280e8ef8fbf"
  version = "v1.6.2"

[[projects]]
  digest = "1:7b5c6e2eeaa9ae5907c391a91c132abfd5c9e8a784a341b5625e750c67e6825d"
  name = "github.com/gorilla/websocket"
  packages = ["."]
  pruneopts = "UT"
  revision = "66b9c49e59c6c48f0ffce28c2d8b8a5678502c6d"
  version = "v1.4.0"

[[projects]]
  branch = "master"
  digest = "1:86c1210529e69d69860f2bb3ee9ccce0b595aa3f9165e7dd1388e5c612915888"
  name = "github.com/gregjones/httpcache"
  packages = [
    ".",
    "diskcache",
  ]
  pruneopts = "UT"
  revision = "9cad4c3443a7200dd6400aef47183728de563a38"

[[projects]]
  digest = "1:8ec8d88c248041a6df5f6574b87bc00e7e0b493881dad2e7ef47b11dc69093b5"
  name = "github.com/hashicorp/golang-lru"
  packages = [
    ".",
    "simplelru",
  ]
  pruneopts = "UT"
  revision = "20f1fb78b0740ba8c3cb143a61e86ba5c8669768"
  version = "v0.5.0"

[[projects]]
  digest = "1:f9a5e090336881be43cfc1cf468330c1bdd60abdc9dd194e0b1ab69f4b94dd7c"
  name = "github.com/huandu/xstrings"
  packages = ["."]
  pruneopts = "UT"
  revision = "f02667b379e2fb5916c3cda2cf31e0eb885d79f8"
  version = "v1.2.0"

[[projects]]
  digest = "1:8eb1de8112c9924d59bf1d3e5c26f5eaa2bfc2a5fcbb92dc1c2e4546d695f277"
  name = "github.com/imdario/mergo"
  packages = ["."]
  pruneopts = "UT"
  revision = "9f23e2d6bd2a77f959b2bf6acdbefd708a83a4a4"
  version = "v0.3.6"

[[projects]]
  digest = "1:870d441fe217b8e689d7949fef6e43efbc787e50f200cb1e70dbca9204a1d6be"
  name = "github.com/inconshreveable/mousetrap"
  packages = ["."]
  pruneopts = "UT"
  revision = "76626ae9c91c4f2a10f34cad8ce83ea42c93bb75"
  version = "v1.0"

[[projects]]
  digest = "1:3e551bbb3a7c0ab2a2bf4660e7fcad16db089fdcfbb44b0199e62838038623ea"
  name = "github.com/json-iterator/go"
  packages = ["."]
  pruneopts = "UT"
  revision = "1624edc4454b8682399def8740d46db5e4362ba4"
  version = "v1.1.5"

[[projects]]
  branch = "master"
  digest = "1:f44d34fda864bed6d6c71514cd40b2ee097e6e67f745d5d014113e1faa5af8b7"
  name = "github.com/konsorten/go-windows-terminal-sequences"
  packages = ["."]
  pruneopts = "UT"
  revision = "b729f2633dfe35f4d1d8a32385f6685610ce1cb5"

[[projects]]
  digest = "1:9cedee824c21326bd26950bd9e1ffe9dc4e7ca03dc8634d0e6f954ee6a383172"
  name = "github.com/kr/fs"
  packages = ["."]
  pruneopts = "UT"
  revision = "1455def202f6e05b95cc7bfc7e8ae67ae5141eba"
  version = "v0.1.0"

[[projects]]
  branch = "master"
  digest = "1:84a5a2b67486d5d67060ac393aa255d05d24ed5ee41daecd5635ec22657b6492"
  name = "github.com/mailru/easyjson"
  packages = [
    "buffer",
    "jlexer",
    "jwriter",
  ]
  pruneopts = "UT"
  revision = "60711f1a8329503b04e1c88535f419d0bb440bff"

[[projects]]
  digest = "1:c658e84ad3916da105a761660dcaeb01e63416c8ec7bc62256a9b411a05fcd67"
  name = "github.com/mattn/go-colorable"
  packages = ["."]
  pruneopts = "UT"
  revision = "167de6bfdfba052fa6b2d3664c8f5272e23c9072"
  version = "v0.0.9"

[[projects]]
  digest = "1:0981502f9816113c9c8c4ac301583841855c8cf4da8c72f696b3ebedf6d0e4e5"
  name = "github.com/mattn/go-isatty"
  packages = ["."]
  pruneopts = "UT"
  revision = "6ca4dbf54d38eea1a992b3c722a76a5d1c4cb25c"
  version = "v0.0.4"

[[projects]]
  branch = "master"
  digest = "1:2b32af4d2a529083275afc192d1067d8126b578c7a9613b26600e4df9c735155"
  name = "github.com/mgutz/ansi"
  packages = ["."]
  pruneopts = "UT"
  revision = "9520e82c474b0a04dd04f8a40959027271bab992"

[[projects]]
  digest = "1:abf08734a6527df70ed361d7c369fb580e6840d8f7a6012e5f609fdfd93b4e48"
  name = "github.com/mitchellh/go-wordwrap"
  packages = ["."]
  pruneopts = "UT"
  revision = "9e67c67572bc5dd02aef930e2b0ae3c02a4b5a5c"
  version = "v1.0.0"

[[projects]]
  digest = "1:33422d238f147d247752996a26574ac48dcf472976eda7f5134015f06bf16563"
  name = "github.com/modern-go/concurrent"
  packages = ["."]
  pruneopts = "UT"
  revision = "bacd9c7ef1dd9b15be4a9909b8ac7a4e313eec94"
  version = "1.0.3"

[[projects]]
  digest = "1:e32bdbdb7c377a07a9a46378290059822efdce5c8d96fe71940d87cb4f918855"
  name = "github.com/modern-go/reflect2"
  packages = ["."]
  pruneopts = "UT"
  revision = "4b7aa43c6742a2c18fdef89dd197aaae7dac7ccd"
  version = "1.0.1"

[[projects]]
  branch = "master"
  digest = "1:7aefb397a53fc437c90f0fdb3e1419c751c5a3a165ced52325d5d797edf1aca6"
  name = "github.com/moul/http2curl"
  packages = ["."]
  pruneopts = "UT"
  revision = "9ac6cf4d929b2fa8fd2d2e6dec5bb0feb4f4911d"

[[projects]]
  branch = "master"
  digest = "1:a6156889b651cc0bf3d9bef82b6ba8fbb9eb19aefd7bc5718357c38b67297cbc"
  name = "github.com/mxk/go-flowrate"
  packages = ["flowrate"]
  pruneopts = "UT"
  revision = "cca7078d478f8520f85629ad7c68962d31ed7682"

[[projects]]
  digest = "1:ee4d4af67d93cc7644157882329023ce9a7bcfce956a079069a9405521c7cc8d"
  name = "github.com/opencontainers/go-digest"
  packages = ["."]
  pruneopts = "UT"
  revision = "279bed98673dd5bef374d3b6e4b09e2af76183bf"
  version = "v1.0.0-rc1"

[[projects]]
  digest = "1:11db38d694c130c800d0aefb502fb02519e514dc53d9804ce51d1ad25ec27db6"
  name = "github.com/opencontainers/image-spec"
  packages = [
    "specs-go",
    "specs-go/v1",
  ]
  pruneopts = "UT"
  revision = "d60099175f88c47cd379c4738d158884749ed235"
  version = "v1.0.1"

[[projects]]
  branch = "master"
  digest = "1:3bf17a6e6eaa6ad24152148a631d18662f7212e21637c2699bff3369b7f00fa2"
  name = "github.com/petar/GoLLRB"
  packages = ["llrb"]
  pruneopts = "UT"
  revision = "53be0d36a84c2a886ca057d34b6aa4468df9ccb4"

[[projects]]
  digest = "1:0e7775ebbcf00d8dd28ac663614af924411c868dca3d5aa762af0fae3808d852"
  name = "github.com/peterbourgon/diskv"
  packages = ["."]
  pruneopts = "UT"
  revision = "5f041e8faa004a95c88a202771f4cc3e991971e6"
  version = "v2.0.1"

[[projects]]
  digest = "1:40e195917a951a8bf867cd05de2a46aaf1806c50cf92eebf4c16f78cd196f747"
  name = "github.com/pkg/errors"
  packages = ["."]
  pruneopts = "UT"
  revision = "645ef00459ed84a119197bfb8d8205042c6df63d"
  version = "v0.8.0"

[[projects]]
  digest = "1:98c46dbde8c257608669d6827aacb8c8722d6ea7b4ffd7c4d1ea32ead21bfea9"
  name = "github.com/pkg/sftp"
  packages = ["."]
  pruneopts = "UT"
  revision = "08de04f133f27844173471167014e1a753655ac8"
  version = "v1.8.3"

[[projects]]
  digest = "1:8bc629776d035c003c7814d4369521afe67fdb8efc4b5f66540d29343b98cf23"
  name = "github.com/russross/blackfriday"
  packages = ["."]
  pruneopts = "UT"
  revision = "55d61fa8aa702f59229e6cff85793c22e580eaf5"
  version = "v1.5.1"

[[projects]]
  branch = "master"
  digest = "1:c1f242537d2898c84fe9bfd8bd94b177cd5ff98a10c397dbbc494f4e2b173be6"
  name = "github.com/serialx/hashring"
  packages = ["."]
  pruneopts = "UT"
  revision = "49a4782e9908fe098c907022a1bd7519c79803d6"

[[projects]]
  digest = "1:dc2d85c13ac22c22a1f3170a41a8e1b897fa05134aaf533f16df44f66a25b4a1"
  name = "github.com/sirupsen/logrus"
  packages = ["."]
  pruneopts = "UT"
  revision = "a67f783a3814b8729bd2dac5780b5f78f8dbd64d"
  version = "v1.1.0"

[[projects]]
  digest = "1:645cabccbb4fa8aab25a956cbcbdf6a6845ca736b2c64e197ca7cbb9d210b939"
  name = "github.com/spf13/cobra"
  packages = ["."]
  pruneopts = "UT"
  revision = "ef82de70bb3f60c65fb8eebacbb2d122ef517385"
  version = "v0.0.3"

[[projects]]
  digest = "1:dab83a1bbc7ad3d7a6ba1a1cc1760f25ac38cdf7d96a5cdd55cd915a4f5ceaf9"
  name = "github.com/spf13/pflag"
  packages = ["."]
  pruneopts = "UT"
  revision = "9a97c102cda95a86cec2345a6f09f55a939babf5"
  version = "v1.0.2"

[[projects]]
  branch = "master"
  digest = "1:a38c75e7edd595bbaa03334c1ac26163a5e990d81f05cd9ec5fd0edc9c786078"
  name = "github.com/texttheater/golang-levenshtein"
  packages = ["levenshtein"]
  pruneopts = "UT"
  revision = "d188e65d659ef53fcdb0691c12f1bba64928b649"

[[projects]]
  digest = "1:98e5cda86f67cd1ac95389d98670b66dea8cae480fe6292b83bccccfe60b4106"
  name = "github.com/ugorji/go"
  packages = ["codec"]
  pruneopts = "UT"
  revision = "f3cacc17c85ecb7f1b6a9e373ee85d1480919868"

[[projects]]
  digest = "1:b24d38b282bacf9791408a080f606370efa3d364e4b5fd9ba0f7b87786d3b679"
  name = "github.com/urfave/cli"
  packages = ["."]
  pruneopts = "UT"
  revision = "cfb38830724cc34fedffe9a2a29fb54fa9169cd1"
  version = "v1.20.0"

[[projects]]
  branch = "master"
  digest = "1:1d36d6eae1ae4de65b3661f4e2d42ba166aed7f4a6c3df98eee54741459e2d8d"
  name = "golang.org/x/crypto"
  packages = [
    "cast5",
    "curve25519",
    "ed25519",
    "ed25519/internal/edwards25519",
    "internal/chacha20",
    "internal/subtle",
    "openpgp",
    "openpgp/armor",
    "openpgp/clearsign",
    "openpgp/elgamal",
    "openpgp/errors",
    "openpgp/packet",
    "openpgp/s2k",
    "pbkdf2",
    "poly1305",
    "scrypt",
    "ssh",
    "ssh/agent",
    "ssh/terminal",
  ]
  pruneopts = "UT"
  revision = "5295e8364332db77d75fce11f1d19c053919a9c9"

[[projects]]
  branch = "master"
  digest = "1:7dd14b346d68941f5854d18f2687a08de53fe551ab19b9ded9be4c9f600398b3"
  name = "golang.org/x/net"
  packages = [
    "context",
    "context/ctxhttp",
    "html",
    "html/atom",
    "http/httpguts",
    "http2",
    "http2/hpack",
    "idna",
    "internal/socks",
    "internal/timeseries",
    "proxy",
    "trace",
  ]
  pruneopts = "UT"
  revision = "4dfa2610cdf3b287375bbba5b8f2a14d3b01d8de"

[[projects]]
  branch = "master"
  digest = "1:39ebcc2b11457b703ae9ee2e8cca0f68df21969c6102cb3b705f76cca0ea0239"
  name = "golang.org/x/sync"
  packages = ["errgroup"]
  pruneopts = "UT"
  revision = "1d60e4601c6fd243af51cc01ddf169918a5407ca"

[[projects]]
  branch = "master"
  digest = "1:2c607ffa8a0a34a9acba4aba7b33d981b5a2150bfcec41b1f2ef1d791bcf6c14"
  name = "golang.org/x/sys"
  packages = [
    "unix",
    "windows",
  ]
  pruneopts = "UT"
  revision = "dad3d9fb7b6e83d0f9ac8f54670f6334c3a287b4"

[[projects]]
  digest = "1:28756bf526c1af662d24519f2fa7abca7237bebb06e3e02941b2b6e5b6ceb7b9"
  name = "golang.org/x/text"
  packages = [
    "collate",
    "collate/build",
    "encoding",
    "encoding/internal",
    "encoding/internal/identifier",
    "encoding/unicode",
    "internal/colltab",
    "internal/gen",
    "internal/tag",
    "internal/triegen",
    "internal/ucd",
    "internal/utf8internal",
    "language",
    "runes",
    "secure/bidirule",
    "transform",
    "unicode/bidi",
    "unicode/cldr",
    "unicode/norm",
    "unicode/rangetable",
    "width",
  ]
  pruneopts = "UT"
  revision = "f21a4dfb5e38f5895301dc265a8def02365cc3d0"
  version = "v0.3.0"

[[projects]]
  branch = "master"
  digest = "1:c9e7a4b4d47c0ed205d257648b0e5b0440880cb728506e318f8ac7cd36270bc4"
  name = "golang.org/x/time"
  packages = ["rate"]
  pruneopts = "UT"
  revision = "fbb02b2291d28baffd63558aa44b4b56f178d650"

[[projects]]
  digest = "1:c25289f43ac4a68d88b02245742347c94f1e108c534dda442188015ff80669b3"
  name = "google.golang.org/appengine"
  packages = ["cloudsql"]
  pruneopts = "UT"
  revision = "ae0ab99deb4dc413a2b4bd6c8bdd0eb67f1e4d06"
  version = "v1.2.0"

[[projects]]
  branch = "master"
  digest = "1:56b0bca90b7e5d1facf5fbdacba23e4e0ce069d25381b8e2f70ef1e7ebfb9c1a"
  name = "google.golang.org/genproto"
  packages = ["googleapis/rpc/status"]
  pruneopts = "UT"
  revision = "0e822944c569bf5c9afd034adaa56208bd2906ac"

[[projects]]
  digest = "1:c52f29435ecb5b76c37e7f0098b6a50dbe60f8624d820827d0fede75c40199a1"
  name = "google.golang.org/grpc"
  packages = [
    ".",
    "balancer",
    "balancer/base",
    "balancer/roundrobin",
    "codes",
    "connectivity",
    "credentials",
    "encoding",
    "encoding/proto",
    "grpclog",
    "health/grpc_health_v1",
    "internal",
    "internal/backoff",
    "internal/channelz",
    "internal/envconfig",
    "internal/grpcrand",
    "internal/transport",
    "keepalive",
    "metadata",
    "naming",
    "peer",
    "resolver",
    "resolver/dns",
    "resolver/passthrough",
    "stats",
    "status",
    "tap",
  ]
  pruneopts = "UT"
  revision = "8dea3dc473e90c8179e519d91302d0597c0ca1d1"
  version = "v1.15.0"

[[projects]]
  digest = "1:2655728699af00d823b0a68bd7169fd241a30c04252f456b34421908701b9c3f"
  name = "gopkg.in/gin-gonic/gin.v1"
  packages = ["."]
  pruneopts = "UT"
  revision = "d459835d2b077e44f7c9b453505ee29881d5d12d"
  version = "v1.2"

[[projects]]
  digest = "1:cbc72c4c4886a918d6ab4b95e347ffe259846260f99ebdd8a198c2331cf2b2e9"
  name = "gopkg.in/go-playground/validator.v8"
  packages = ["."]
  pruneopts = "UT"
  revision = "5f1438d3fca68893a817e4a66806cea46a9e4ebf"
  version = "v8.18.2"

[[projects]]
  digest = "1:2d1fbdc6777e5408cabeb02bf336305e724b925ff4546ded0fa8715a7267922a"
  name = "gopkg.in/inf.v0"
  packages = ["."]
  pruneopts = "UT"
  revision = "d2d2541c53f18d2a059457998ce2876cc8e67cbf"
  version = "v0.9.1"

[[projects]]
  digest = "1:7fbe10f3790dc4e6296c7c844c5a9b35513e5521c29c47e10ba99cd2956a2719"
  name = "gopkg.in/square/go-jose.v2"
  packages = [
    ".",
    "cipher",
    "json",
    "jwt",
  ]
  pruneopts = "UT"
  revision = "ef984e69dd356202fd4e4910d4d9c24468bdf0b8"
  version = "v2.1.9"

[[projects]]
  digest = "1:5f1425074efce8ad776450fda6bdd11e816c825771ba56654493d5fdeac27322"
  name = "gopkg.in/urfave/cli.v1"
  packages = [
    ".",
    "altsrc",
  ]
  pruneopts = "UT"
  revision = "cfb38830724cc34fedffe9a2a29fb54fa9169cd1"
  version = "v1.20.0"

[[projects]]
  digest = "1:342378ac4dcb378a5448dd723f0784ae519383532f5e70ade24132c4c8693202"
  name = "gopkg.in/yaml.v2"
  packages = ["."]
  pruneopts = "UT"
  revision = "5420a8b6744d3b0345ab293f6fcba19c978f1183"
  version = "v2.2.1"

[[projects]]
  digest = "1:fcc8693dcd553f6a9dfe94487fa66443a166405e4c4cce87d50bbad58c0812ce"
  name = "k8s.io/api"
  packages = [
    "admission/v1beta1",
    "admissionregistration/v1alpha1",
    "admissionregistration/v1beta1",
    "apps/v1",
    "apps/v1beta1",
    "apps/v1beta2",
    "authentication/v1",
    "authentication/v1beta1",
    "authorization/v1",
    "authorization/v1beta1",
    "autoscaling/v1",
    "autoscaling/v2beta1",
    "batch/v1",
    "batch/v1beta1",
    "batch/v2alpha1",
    "certificates/v1beta1",
    "core/v1",
    "events/v1beta1",
    "extensions/v1beta1",
    "imagepolicy/v1alpha1",
    "networking/v1",
    "policy/v1beta1",
    "rbac/v1",
    "rbac/v1alpha1",
    "rbac/v1beta1",
    "scheduling/v1alpha1",
    "scheduling/v1beta1",
    "settings/v1alpha1",
    "storage/v1",
    "storage/v1alpha1",
    "storage/v1beta1",
  ]
  pruneopts = "UT"
  revision = "2d6f90ab1293a1fb871cf149423ebb72aa7423aa"
  version = "kubernetes-1.11.1"

[[projects]]
  branch = "master"
  digest = "1:fa432f3acd7631bca4888e8d0f1db60cc46aef6a2d85a7f87f0ade54ea0ba56e"
  name = "k8s.io/apiextensions-apiserver"
  packages = ["pkg/features"]
  pruneopts = "UT"
  revision = "c0b566b8903bc2b6e3f4e41d35b3ae9e5d170c30"

[[projects]]
  digest = "1:704f6b2b1a439d473eb316ae4d599cf99276dd63b20ab3b9b7f20c5fe2eae8ae"
  name = "k8s.io/apimachinery"
  packages = [
    "pkg/api/equality",
    "pkg/api/errors",
    "pkg/api/meta",
    "pkg/api/resource",
    "pkg/api/validation",
    "pkg/api/validation/path",
    "pkg/apis/meta/internalversion",
    "pkg/apis/meta/v1",
    "pkg/apis/meta/v1/unstructured",
    "pkg/apis/meta/v1/unstructured/unstructuredscheme",
    "pkg/apis/meta/v1/validation",
    "pkg/apis/meta/v1beta1",
    "pkg/conversion",
    "pkg/conversion/queryparams",
    "pkg/fields",
    "pkg/labels",
    "pkg/runtime",
    "pkg/runtime/schema",
    "pkg/runtime/serializer",
    "pkg/runtime/serializer/json",
    "pkg/runtime/serializer/protobuf",
    "pkg/runtime/serializer/recognizer",
    "pkg/runtime/serializer/streaming",
    "pkg/runtime/serializer/versioning",
    "pkg/selection",
    "pkg/types",
    "pkg/util/cache",
    "pkg/util/clock",
    "pkg/util/diff",
    "pkg/util/duration",
    "pkg/util/errors",
    "pkg/util/framer",
    "pkg/util/httpstream",
    "pkg/util/httpstream/spdy",
    "pkg/util/intstr",
    "pkg/util/json",
    "pkg/util/mergepatch",
    "pkg/util/net",
    "pkg/util/proxy",
    "pkg/util/rand",
    "pkg/util/remotecommand",
    "pkg/util/runtime",
    "pkg/util/sets",
    "pkg/util/strategicpatch",
    "pkg/util/validation",
    "pkg/util/validation/field",
    "pkg/util/wait",
    "pkg/util/yaml",
    "pkg/version",
    "pkg/watch",
    "third_party/forked/golang/json",
    "third_party/forked/golang/netutil",
    "third_party/forked/golang/reflect",
  ]
  pruneopts = "UT"
  revision = "103fd098999dc9c0c88536f5c9ad2e5da39373ae"
  version = "kubernetes-1.11.1"

[[projects]]
  branch = "master"
  digest = "1:89a133e249f81c8ccc8c246a4513341d00af8139cc0d3461479f7eb8dfe46cad"
  name = "k8s.io/apiserver"
  packages = [
    "pkg/apis/audit",
    "pkg/authentication/authenticator",
    "pkg/authentication/serviceaccount",
    "pkg/authentication/user",
    "pkg/endpoints/request",
    "pkg/features",
    "pkg/util/feature",
  ]
  pruneopts = "UT"
  revision = "adf6303733d5c01d05921f9809e4b702f89b689d"

[[projects]]
  digest = "1:b524742c438898d54c045b600a12597b21f6e734a2d1cceac0ddedb2d2cce1e9"
  name = "k8s.io/client-go"
  packages = [
    "deprecated-dynamic",
    "discovery",
    "dynamic",
    "kubernetes",
    "kubernetes/scheme",
    "kubernetes/typed/admissionregistration/v1alpha1",
    "kubernetes/typed/admissionregistration/v1beta1",
    "kubernetes/typed/apps/v1",
    "kubernetes/typed/apps/v1beta1",
    "kubernetes/typed/apps/v1beta2",
    "kubernetes/typed/authentication/v1",
    "kubernetes/typed/authentication/v1beta1",
    "kubernetes/typed/authorization/v1",
    "kubernetes/typed/authorization/v1beta1",
    "kubernetes/typed/autoscaling/v1",
    "kubernetes/typed/autoscaling/v2beta1",
    "kubernetes/typed/batch/v1",
    "kubernetes/typed/batch/v1beta1",
    "kubernetes/typed/batch/v2alpha1",
    "kubernetes/typed/certificates/v1beta1",
    "kubernetes/typed/core/v1",
    "kubernetes/typed/events/v1beta1",
    "kubernetes/typed/extensions/v1beta1",
    "kubernetes/typed/networking/v1",
    "kubernetes/typed/policy/v1beta1",
    "kubernetes/typed/rbac/v1",
    "kubernetes/typed/rbac/v1alpha1",
    "kubernetes/typed/rbac/v1beta1",
    "kubernetes/typed/scheduling/v1alpha1",
    "kubernetes/typed/scheduling/v1beta1",
    "kubernetes/typed/settings/v1alpha1",
    "kubernetes/typed/storage/v1",
    "kubernetes/typed/storage/v1alpha1",
    "kubernetes/typed/storage/v1beta1",
    "listers/apps/v1",
    "listers/core/v1",
    "pkg/apis/clientauthentication",
    "pkg/apis/clientauthentication/v1alpha1",
    "pkg/apis/clientauthentication/v1beta1",
    "pkg/version",
    "plugin/pkg/client/auth/exec",
    "rest",
    "rest/watch",
    "restmapper",
    "scale",
    "scale/scheme",
    "scale/scheme/appsint",
    "scale/scheme/appsv1beta1",
    "scale/scheme/appsv1beta2",
    "scale/scheme/autoscalingv1",
    "scale/scheme/extensionsint",
    "scale/scheme/extensionsv1beta1",
    "third_party/forked/golang/template",
    "tools/auth",
    "tools/cache",
    "tools/clientcmd",
    "tools/clientcmd/api",
    "tools/clientcmd/api/latest",
    "tools/clientcmd/api/v1",
    "tools/metrics",
    "tools/pager",
    "tools/portforward",
    "tools/record",
    "tools/reference",
    "tools/remotecommand",
    "transport",
    "transport/spdy",
    "util/buffer",
    "util/cert",
    "util/connrotation",
    "util/exec",
    "util/flowcontrol",
    "util/homedir",
    "util/integer",
    "util/jsonpath",
    "util/retry",
  ]
  pruneopts = "UT"
  revision = "1f13a808da65775f22cbf47862c4e5898d8f4ca1"
  version = "kubernetes-1.11.2"

[[projects]]
  digest = "1:1c35a38b90cb260f18ab081c52b896fe96bf7573075d56a5b3893d4eefeb6f2b"
  name = "k8s.io/helm"
  packages = [
    "cmd/helm/installer",
    "pkg/chartutil",
    "pkg/downloader",
    "pkg/engine",
    "pkg/getter",
    "pkg/helm",
    "pkg/helm/environment",
    "pkg/helm/helmpath",
    "pkg/helm/portforwarder",
    "pkg/ignore",
    "pkg/kube",
    "pkg/manifest",
    "pkg/plugin",
    "pkg/proto/hapi/chart",
    "pkg/proto/hapi/release",
    "pkg/proto/hapi/services",
    "pkg/proto/hapi/version",
    "pkg/provenance",
    "pkg/releaseutil",
    "pkg/renderutil",
    "pkg/repo",
    "pkg/resolver",
    "pkg/storage/errors",
    "pkg/strvals",
    "pkg/sympath",
    "pkg/tlsutil",
    "pkg/urlutil",
    "pkg/version",
  ]
  pruneopts = "UT"
  revision = "2e55dbe1fdb5fdb96b75ff144a339489417b146b"
  version = "v2.11.0"

[[projects]]
  branch = "master"
  digest = "1:9af14312e6ca4a08fa836d9de695b48f6048a6e763c6ac70790c5279cb8a3829"
  name = "k8s.io/kube-openapi"
  packages = [
    "pkg/util/proto",
    "pkg/util/proto/validation",
  ]
  pruneopts = "UT"
  revision = "c45f27d6c6f59f29099e552cc6bb6119539e0559"

[[projects]]
  branch = "release-1.11"
  digest = "1:6ace6206bd8a51ce08c1c2fae18b1e1e1f1e3a4f6016376012b3314aaab4e15f"
  name = "k8s.io/kubernetes"
  packages = [
    "pkg/api/events",
    "pkg/api/legacyscheme",
    "pkg/api/pod",
    "pkg/api/ref",
    "pkg/api/resource",
    "pkg/api/service",
    "pkg/api/v1/pod",
    "pkg/apis/admissionregistration",
    "pkg/apis/admissionregistration/install",
    "pkg/apis/admissionregistration/v1alpha1",
    "pkg/apis/admissionregistration/v1beta1",
    "pkg/apis/apps",
    "pkg/apis/apps/install",
    "pkg/apis/apps/v1",
    "pkg/apis/apps/v1beta1",
    "pkg/apis/apps/v1beta2",
    "pkg/apis/authentication",
    "pkg/apis/authentication/install",
    "pkg/apis/authentication/v1",
    "pkg/apis/authentication/v1beta1",
    "pkg/apis/authorization",
    "pkg/apis/authorization/install",
    "pkg/apis/authorization/v1",
    "pkg/apis/authorization/v1beta1",
    "pkg/apis/autoscaling",
    "pkg/apis/autoscaling/install",
    "pkg/apis/autoscaling/v1",
    "pkg/apis/autoscaling/v2beta1",
    "pkg/apis/batch",
    "pkg/apis/batch/install",
    "pkg/apis/batch/v1",
    "pkg/apis/batch/v1beta1",
    "pkg/apis/batch/v2alpha1",
    "pkg/apis/certificates",
    "pkg/apis/certificates/install",
    "pkg/apis/certificates/v1beta1",
    "pkg/apis/componentconfig",
    "pkg/apis/componentconfig/install",
    "pkg/apis/componentconfig/v1alpha1",
    "pkg/apis/core",
    "pkg/apis/core/helper",
    "pkg/apis/core/helper/qos",
    "pkg/apis/core/install",
    "pkg/apis/core/pods",
    "pkg/apis/core/v1",
    "pkg/apis/core/v1/helper",
    "pkg/apis/core/validation",
    "pkg/apis/events",
    "pkg/apis/events/install",
    "pkg/apis/events/v1beta1",
    "pkg/apis/extensions",
    "pkg/apis/extensions/install",
    "pkg/apis/extensions/v1beta1",
    "pkg/apis/networking",
    "pkg/apis/networking/install",
    "pkg/apis/networking/v1",
    "pkg/apis/policy",
    "pkg/apis/policy/install",
    "pkg/apis/policy/v1beta1",
    "pkg/apis/rbac",
    "pkg/apis/rbac/install",
    "pkg/apis/rbac/v1",
    "pkg/apis/rbac/v1alpha1",
    "pkg/apis/rbac/v1beta1",
    "pkg/apis/scheduling",
    "pkg/apis/scheduling/install",
    "pkg/apis/scheduling/v1alpha1",
    "pkg/apis/scheduling/v1beta1",
    "pkg/apis/settings",
    "pkg/apis/settings/install",
    "pkg/apis/settings/v1alpha1",
    "pkg/apis/storage",
    "pkg/apis/storage/install",
    "pkg/apis/storage/util",
    "pkg/apis/storage/v1",
    "pkg/apis/storage/v1alpha1",
    "pkg/apis/storage/v1beta1",
    "pkg/capabilities",
    "pkg/client/clientset_generated/internalclientset",
    "pkg/client/clientset_generated/internalclientset/scheme",
    "pkg/client/clientset_generated/internalclientset/typed/admissionregistration/internalversion",
    "pkg/client/clientset_generated/internalclientset/typed/apps/internalversion",
    "pkg/client/clientset_generated/internalclientset/typed/authentication/internalversion",
    "pkg/client/clientset_generated/internalclientset/typed/authorization/internalversion",
    "pkg/client/clientset_generated/internalclientset/typed/autoscaling/internalversion",
    "pkg/client/clientset_generated/internalclientset/typed/batch/internalversion",
    "pkg/client/clientset_generated/internalclientset/typed/certificates/internalversion",
    "pkg/client/clientset_generated/internalclientset/typed/core/internalversion",
    "pkg/client/clientset_generated/internalclientset/typed/events/internalversion",
    "pkg/client/clientset_generated/internalclientset/typed/extensions/internalversion",
    "pkg/client/clientset_generated/internalclientset/typed/networking/internalversion",
    "pkg/client/clientset_generated/internalclientset/typed/policy/internalversion",
    "pkg/client/clientset_generated/internalclientset/typed/rbac/internalversion",
    "pkg/client/clientset_generated/internalclientset/typed/scheduling/internalversion",
    "pkg/client/clientset_generated/internalclientset/typed/settings/internalversion",
    "pkg/client/clientset_generated/internalclientset/typed/storage/internalversion",
    "pkg/controller",
    "pkg/controller/deployment/util",
    "pkg/credentialprovider",
    "pkg/features",
    "pkg/fieldpath",
    "pkg/generated",
    "pkg/kubectl",
    "pkg/kubectl/apps",
    "pkg/kubectl/cmd/get",
    "pkg/kubectl/cmd/templates",
    "pkg/kubectl/cmd/util",
    "pkg/kubectl/cmd/util/openapi",
    "pkg/kubectl/cmd/util/openapi/validation",
    "pkg/kubectl/genericclioptions",
    "pkg/kubectl/genericclioptions/printers",
    "pkg/kubectl/genericclioptions/resource",
    "pkg/kubectl/scheme",
    "pkg/kubectl/util",
    "pkg/kubectl/util/hash",
    "pkg/kubectl/util/i18n",
    "pkg/kubectl/util/slice",
    "pkg/kubectl/util/term",
    "pkg/kubectl/validation",
    "pkg/kubelet/apis",
    "pkg/kubelet/types",
    "pkg/master/ports",
    "pkg/printers",
    "pkg/printers/internalversion",
    "pkg/registry/rbac/validation",
    "pkg/scheduler/algorithm",
    "pkg/scheduler/algorithm/priorities/util",
    "pkg/scheduler/api",
    "pkg/scheduler/cache",
    "pkg/scheduler/util",
    "pkg/security/apparmor",
    "pkg/serviceaccount",
    "pkg/util/file",
    "pkg/util/hash",
    "pkg/util/interrupt",
    "pkg/util/labels",
    "pkg/util/net/sets",
    "pkg/util/node",
    "pkg/util/parsers",
    "pkg/util/pointer",
    "pkg/util/slice",
    "pkg/util/taints",
    "pkg/version",
  ]
  pruneopts = "UT"
  revision = "50ea2c8ec8368591869faf635cec41244d475cd0"

[[projects]]
  branch = "master"
  digest = "1:867d98a27033c52150eb4c01ca0f9be938d3010e9a4909ea3a881a83c3ac1b3f"
  name = "k8s.io/utils"
  packages = ["exec"]
  pruneopts = "UT"
  revision = "cd34563cd63c2bd7c6fe88a73c4dcf34ed8a67cb"

[[projects]]
  branch = "master"
  digest = "1:9132eacc44d9bd1e03145ea2e9d4888800da7773d6edebb401f8cd34c9fb8380"
  name = "vbom.ml/util"
  packages = ["sortorder"]
  pruneopts = "UT"
  revision = "efcd4e0f97874370259c7d93e12aad57911dea81"

[[projects]]
  branch = "master"
  digest = "1:49ffc35ec8d3f7789393cd132acd359e8ac1f5d38c7a2b91c484b041840c62c0"
  name = "yunion.io/x/jsonutils"
  packages = ["."]
  pruneopts = "UT"
  revision = "d1290e94d4753c1748fc7c89f472a523cc0a5c08"

[[projects]]
  branch = "master"
  digest = "1:636db180d3fc734536a5437d93bb6fe937feb036c1ed062c25872a47c4283163"
  name = "yunion.io/x/log"
  packages = [
    ".",
    "hooks",
  ]
  pruneopts = "UT"
  revision = "5185c49f6d361f61e561fbccba1bedcc7c62748b"

[[projects]]
  branch = "release/2.2.0"
  digest = "1:a5e075456c5287c815c584447323e089d19203679ce6ba15a16fac8cf181314f"
  name = "yunion.io/x/onecloud"
  packages = [
    "pkg/appctx",
    "pkg/appsrv",
    "pkg/appsrv/dispatcher",
    "pkg/cloudcommon",
    "pkg/cloudcommon/db",
    "pkg/cloudcommon/db/lockman",
    "pkg/cloudcommon/db/quotas",
    "pkg/cloudcommon/db/taskman",
    "pkg/cloudcommon/notifyclient",
    "pkg/cloudprovider",
    "pkg/compute/baremetal",
    "pkg/compute/models",
    "pkg/compute/options",
    "pkg/httperrors",
    "pkg/mcclient",
    "pkg/mcclient/auth",
    "pkg/mcclient/modules",
    "pkg/proxy",
    "pkg/util/httputils",
    "pkg/util/imagetools",
    "pkg/util/logclient",
    "pkg/util/seclib2",
  ]
  pruneopts = "UT"
  revision = "5f6033fcaec9feca24f9881a9314b392fc69adc6"

[[projects]]
  branch = "master"
  digest = "1:e6671eb0f7ab598118cb7309092e88e56993459414bdd4469edde1c8ae950851"
  name = "yunion.io/x/pkg"
  packages = [
    "gotypes",
    "trace",
    "tristate",
    "util/cache",
    "util/clock",
    "util/compare",
    "util/errors",
    "util/fileutils",
    "util/filterclause",
    "util/netutils",
    "util/osprofile",
    "util/reflectutils",
    "util/regutils",
    "util/runtime",
    "util/secrules",
    "util/sets",
    "util/stringutils",
    "util/sysutils",
    "util/timeutils",
    "util/version",
    "util/wait",
    "util/workqueue",
    "utils",
  ]
  pruneopts = "UT"
  revision = "9d246215b0a167b153bcdbc7d75031ced7138cf8"

[[projects]]
  branch = "master"
  digest = "1:e52c4c426ba5bbb92b2d6b2f20f694ff836dde16151adaca39c86d5fb010fea9"
  name = "yunion.io/x/sqlchemy"
  packages = ["."]
  pruneopts = "UT"
  revision = "946ed13318f85073e55dbb8105593c710e943a31"

[[projects]]
  branch = "master"
  digest = "1:f07a1ef9758f56186dd9039a8608bc9d537070a7c04479dbab6aeb42501001b7"
  name = "yunion.io/x/structarg"
  packages = ["."]
  pruneopts = "UT"
  revision = "ba8620a6258308b3faa4174d4c2d81a6f70b57ea"

[[projects]]
  branch = "release/2.3.0"
  digest = "1:b4cc75714b28b251ef9131d0d4b4070461784547a7d926d85d107cc8c199aca4"
  name = "yunion.io/x/yke"
  packages = [
    "cmd",
    "pkg/addons",
    "pkg/authz",
    "pkg/cloudprovider",
    "pkg/cluster",
    "pkg/docker",
    "pkg/hosts",
    "pkg/k8s",
    "pkg/pki",
    "pkg/services",
    "pkg/templates",
    "pkg/types",
    "pkg/types/image",
    "pkg/util",
  ]
  pruneopts = "UT"
  revision = "efe1decfa86a2fef72ee95fbd2d77746e4bad907"

[solve-meta]
  analyzer-name = "dep"
  analyzer-version = 1
  input-imports = [
    "github.com/Masterminds/semver",
    "github.com/Masterminds/sprig",
    "github.com/docker/docker/api/types",
    "github.com/docker/docker/api/types/filters",
    "github.com/docker/docker/client",
    "github.com/ghodss/yaml",
    "github.com/go-sql-driver/mysql",
    "github.com/gorilla/mux",
    "github.com/gorilla/websocket",
    "github.com/pkg/errors",
    "github.com/sirupsen/logrus",
    "gopkg.in/urfave/cli.v1",
    "gopkg.in/urfave/cli.v1/altsrc",
    "gopkg.in/yaml.v2",
    "k8s.io/api/apps/v1beta2",
    "k8s.io/api/autoscaling/v1",
    "k8s.io/api/batch/v1",
    "k8s.io/api/batch/v1beta1",
    "k8s.io/api/core/v1",
    "k8s.io/api/extensions/v1beta1",
    "k8s.io/api/rbac/v1",
    "k8s.io/api/storage/v1",
    "k8s.io/apimachinery/pkg/api/equality",
    "k8s.io/apimachinery/pkg/api/errors",
    "k8s.io/apimachinery/pkg/api/meta",
    "k8s.io/apimachinery/pkg/api/resource",
    "k8s.io/apimachinery/pkg/apis/meta/v1",
    "k8s.io/apimachinery/pkg/apis/meta/v1/unstructured",
    "k8s.io/apimachinery/pkg/fields",
    "k8s.io/apimachinery/pkg/labels",
    "k8s.io/apimachinery/pkg/runtime",
    "k8s.io/apimachinery/pkg/runtime/schema",
    "k8s.io/apimachinery/pkg/types",
    "k8s.io/apimachinery/pkg/util/intstr",
    "k8s.io/apimachinery/pkg/util/proxy",
    "k8s.io/apimachinery/pkg/util/rand",
    "k8s.io/apimachinery/pkg/util/yaml",
    "k8s.io/apimachinery/pkg/watch",
    "k8s.io/apiserver/pkg/authentication/authenticator",
    "k8s.io/apiserver/pkg/authentication/user",
    "k8s.io/client-go/deprecated-dynamic",
    "k8s.io/client-go/discovery",
    "k8s.io/client-go/kubernetes",
    "k8s.io/client-go/rest",
    "k8s.io/client-go/tools/cache",
    "k8s.io/client-go/tools/clientcmd",
    "k8s.io/client-go/util/cert",
    "k8s.io/client-go/util/flowcontrol",
    "k8s.io/helm/cmd/helm/installer",
    "k8s.io/helm/pkg/chartutil",
    "k8s.io/helm/pkg/downloader",
    "k8s.io/helm/pkg/getter",
    "k8s.io/helm/pkg/helm",
    "k8s.io/helm/pkg/helm/environment",
    "k8s.io/helm/pkg/helm/helmpath",
    "k8s.io/helm/pkg/helm/portforwarder",
    "k8s.io/helm/pkg/kube",
    "k8s.io/helm/pkg/proto/hapi/chart",
    "k8s.io/helm/pkg/proto/hapi/release",
    "k8s.io/helm/pkg/proto/hapi/services",
    "k8s.io/helm/pkg/repo",
    "k8s.io/helm/pkg/strvals",
    "yunion.io/x/jsonutils",
    "yunion.io/x/log",
    "yunion.io/x/onecloud/pkg/appctx",
    "yunion.io/x/onecloud/pkg/appsrv",
    "yunion.io/x/onecloud/pkg/appsrv/dispatcher",
    "yunion.io/x/onecloud/pkg/cloudcommon",
    "yunion.io/x/onecloud/pkg/cloudcommon/db",
    "yunion.io/x/onecloud/pkg/cloudcommon/db/taskman",
    "yunion.io/x/onecloud/pkg/compute/models",
    "yunion.io/x/onecloud/pkg/httperrors",
    "yunion.io/x/onecloud/pkg/mcclient",
    "yunion.io/x/onecloud/pkg/mcclient/auth",
    "yunion.io/x/onecloud/pkg/mcclient/modules",
    "yunion.io/x/onecloud/pkg/util/httputils",
    "yunion.io/x/pkg/util/errors",
    "yunion.io/x/pkg/util/regutils",
    "yunion.io/x/pkg/util/runtime",
    "yunion.io/x/pkg/util/sets",
    "yunion.io/x/pkg/util/stringutils",
    "yunion.io/x/pkg/util/version",
    "yunion.io/x/pkg/util/wait",
    "yunion.io/x/pkg/util/workqueue",
    "yunion.io/x/pkg/utils",
    "yunion.io/x/sqlchemy",
    "yunion.io/x/yke/cmd",
    "yunion.io/x/yke/pkg/cluster",
    "yunion.io/x/yke/pkg/hosts",
    "yunion.io/x/yke/pkg/k8s",
    "yunion.io/x/yke/pkg/pki",
    "yunion.io/x/yke/pkg/services",
    "yunion.io/x/yke/pkg/types",
  ]
  solver-name = "gps-cdcl"
  solver-version = 1
